
Microsoft Visual Studio Solution File, Format Version 12.00
# Visual Studio Version 17
VisualStudioVersion = 17.5.33502.453
MinimumVisualStudioVersion = 10.0.40219.1
Project("{FAE04EC0-301F-11D3-BF4B-00C04F79EFBC}") = "appconsola1", "appconsola1\appconsola1.csproj", "{3A7CB74C-9E28-4248-9872-368D3AEC0A2B}"
EndProject
Global
	GlobalSection(SolutionConfigurationPlatforms) = preSolution
		Debug|Any CPU = Debug|Any CPU
		Release|Any CPU = Release|Any CPU
	EndGlobalSection
	GlobalSection(ProjectConfigurationPlatforms) = postSolution
		{3A7CB74C-9E28-4248-9872-368D3AEC0A2B}.Debug|Any CPU.ActiveCfg = Debug|Any CPU
		{3A7CB74C-9E28-4248-9872-368D3AEC0A2B}.Debug|Any CPU.Build.0 = Debug|Any CPU
		{3A7CB74C-9E28-4248-9872-368D3AEC0A2B}.Release|Any CPU.ActiveCfg = Release|Any CPU
		{3A7CB74C-9E28-4248-9872-368D3AEC0A2B}.Release|Any CPU.Build.0 = Release|Any CPU
	EndGlobalSection
	GlobalSection(SolutionProperties) = preSolution
		HideSolutionNode = FALSE
	EndGlobalSection
	GlobalSection(ExtensibilityGlobals) = postSolution
		SolutionGuid = {281FCB55-C2A4-4681-A9E2-1953D7569700}
	EndGlobalSection
EndGlobal
